
Microsoft Visual Studio Solution File, Format Version 12.00
# Visual Studio Version 17
VisualStudioVersion = 17.13.35818.85
MinimumVisualStudioVersion = 10.0.40219.1
Project("{FAE04EC0-301F-11D3-BF4B-00C04F79EFBC}") = "EnglishApp.Maui", "EnglishApp.Maui\EnglishApp.Maui.csproj", "{90C80A96-698C-4632-A48A-F305B2C81CCB}"
EndProject
Project("{FAE04EC0-301F-11D3-BF4B-00C04F79EFBC}") = "EnglishApp.Api", "EnglishApp.Api\EnglishApp.Api.csproj", "{1E35AD1E-B994-4095-8429-31DEB4568F56}"
EndProject
Project("{FAE04EC0-301F-11D3-BF4B-00C04F79EFBC}") = "EnglishApp.Domain", "EnglishApp.Domain\EnglishApp.Domain.csproj", "{40EEE257-7857-48F1-936E-7371806B51AD}"
EndProject
Project("{FAE04EC0-301F-11D3-BF4B-00C04F79EFBC}") = "EnglishApp.Infrastructure", "EnglishApp.Infrastructure\EnglishApp.Infrastructure.csproj", "{339B6C55-6C67-4860-B6D9-69A137B09208}"
EndProject
Project("{2150E333-8FDC-42A3-9474-1A3956D46DE8}") = "docs", "docs", "{DDB4EF12-CC4E-5E88-E6FC-71A802F4DE97}"
	ProjectSection(SolutionItems) = preProject
		.editorconfig = .editorconfig
	EndProjectSection
EndProject
Project("{FAE04EC0-301F-11D3-BF4B-00C04F79EFBC}") = "EnglishApp.Test", "EnglishApp.Test\EnglishApp.Test.csproj", "{764FD7D9-C182-4EF2-BE1B-AD51CE183D2D}"
EndProject
Project("{2150E333-8FDC-42A3-9474-1A3956D46DE8}") = "src", "src", "{2B9975CF-6C13-49B9-AF02-4E45620B38A6}"
EndProject
Project("{2150E333-8FDC-42A3-9474-1A3956D46DE8}") = "tests", "tests", "{B4D69B72-ECA3-4875-B14B-47081160F724}"
EndProject
Global
	GlobalSection(SolutionConfigurationPlatforms) = preSolution
		Debug|Any CPU = Debug|Any CPU
		Release|Any CPU = Release|Any CPU
	EndGlobalSection
	GlobalSection(ProjectConfigurationPlatforms) = postSolution
		{90C80A96-698C-4632-A48A-F305B2C81CCB}.Debug|Any CPU.ActiveCfg = Debug|Any CPU
		{90C80A96-698C-4632-A48A-F305B2C81CCB}.Debug|Any CPU.Build.0 = Debug|Any CPU
		{90C80A96-698C-4632-A48A-F305B2C81CCB}.Debug|Any CPU.Deploy.0 = Debug|Any CPU
		{90C80A96-698C-4632-A48A-F305B2C81CCB}.Release|Any CPU.ActiveCfg = Release|Any CPU
		{90C80A96-698C-4632-A48A-F305B2C81CCB}.Release|Any CPU.Build.0 = Release|Any CPU
		{90C80A96-698C-4632-A48A-F305B2C81CCB}.Release|Any CPU.Deploy.0 = Release|Any CPU
		{1E35AD1E-B994-4095-8429-31DEB4568F56}.Debug|Any CPU.ActiveCfg = Debug|Any CPU
		{1E35AD1E-B994-4095-8429-31DEB4568F56}.Debug|Any CPU.Build.0 = Debug|Any CPU
		{1E35AD1E-B994-4095-8429-31DEB4568F56}.Release|Any CPU.ActiveCfg = Release|Any CPU
		{1E35AD1E-B994-4095-8429-31DEB4568F56}.Release|Any CPU.Build.0 = Release|Any CPU
		{40EEE257-7857-48F1-936E-7371806B51AD}.Debug|Any CPU.ActiveCfg = Debug|Any CPU
		{40EEE257-7857-48F1-936E-7371806B51AD}.Debug|Any CPU.Build.0 = Debug|Any CPU
		{40EEE257-7857-48F1-936E-7371806B51AD}.Release|Any CPU.ActiveCfg = Release|Any CPU
		{40EEE257-7857-48F1-936E-7371806B51AD}.Release|Any CPU.Build.0 = Release|Any CPU
		{339B6C55-6C67-4860-B6D9-69A137B09208}.Debug|Any CPU.ActiveCfg = Debug|Any CPU
		{339B6C55-6C67-4860-B6D9-69A137B09208}.Debug|Any CPU.Build.0 = Debug|Any CPU
		{339B6C55-6C67-4860-B6D9-69A137B09208}.Release|Any CPU.ActiveCfg = Release|Any CPU
		{339B6C55-6C67-4860-B6D9-69A137B09208}.Release|Any CPU.Build.0 = Release|Any CPU
		{764FD7D9-C182-4EF2-BE1B-AD51CE183D2D}.Debug|Any CPU.ActiveCfg = Debug|Any CPU
		{764FD7D9-C182-4EF2-BE1B-AD51CE183D2D}.Debug|Any CPU.Build.0 = Debug|Any CPU
		{764FD7D9-C182-4EF2-BE1B-AD51CE183D2D}.Release|Any CPU.ActiveCfg = Release|Any CPU
		{764FD7D9-C182-4EF2-BE1B-AD51CE183D2D}.Release|Any CPU.Build.0 = Release|Any CPU
	EndGlobalSection
	GlobalSection(SolutionProperties) = preSolution
		HideSolutionNode = FALSE
	EndGlobalSection
	GlobalSection(NestedProjects) = preSolution
		{90C80A96-698C-4632-A48A-F305B2C81CCB} = {2B9975CF-6C13-49B9-AF02-4E45620B38A6}
		{1E35AD1E-B994-4095-8429-31DEB4568F56} = {2B9975CF-6C13-49B9-AF02-4E45620B38A6}
		{40EEE257-7857-48F1-936E-7371806B51AD} = {2B9975CF-6C13-49B9-AF02-4E45620B38A6}
		{339B6C55-6C67-4860-B6D9-69A137B09208} = {2B9975CF-6C13-49B9-AF02-4E45620B38A6}
		{764FD7D9-C182-4EF2-BE1B-AD51CE183D2D} = {B4D69B72-ECA3-4875-B14B-47081160F724}
	EndGlobalSection
	GlobalSection(ExtensibilityGlobals) = postSolution
		SolutionGuid = {E8027339-3C14-49F6-A116-2BF2DFB5430E}
	EndGlobalSection
EndGlobal
